[[tools.ruff]]
version = "0.15.0"
backend = "aqua:astral-sh/ruff"
"platforms.linux-arm64" = { checksum = "sha256:b9860c394ea814a9e9560e80bc798c53b8a3a5120ce961a2555fb563cee9f73b", url = "https://github.com/astral-sh/ruff/releases/download/0.15.0/ruff-aarch64-unknown-linux-musl.tar.gz"}

[[tools.ty]]
version = "0.0.15"
backend = "aqua:astral-sh/ty"
"platforms.linux-arm64" = { checksum = "sha256:e1688175de6f0acb4bee42cfd16b3db5390ea03f239285e037d57139505a5871", url = "https://github.com/astral-sh/ty/releases/download/0.0.15/ty-aarch64-unknown-linux-musl.tar.gz"}

[[tools.uv]]
version = "0.10.1"
backend = "aqua:astral-sh/uv"
"platforms.linux-arm64" = { checksum = "sha256:ae9ae536be5b4d1cf7a6560d52a20711f267e7b21e23ee6cc538a4afa236b757", url = "https://github.com/astral-sh/uv/releases/download/0.10.1/uv-aarch64-unknown-linux-musl.tar.gz"}
