# @generated - this file is auto-generated by `mise lock` https://mise.jdx.dev/dev-tools/mise-lock.html

[[tools.gitleaks]]
version = "8.30.1"
backend = "aqua:gitleaks/gitleaks"

[tools.gitleaks."platforms.linux-arm64"]
checksum = "sha256:e4a487ee7ccd7d3a7f7ec08657610aa3606637dab924210b3aee62570fb4b080"
url = "https://github.com/gitleaks/gitleaks/releases/download/v8.30.1/gitleaks_8.30.1_linux_arm64.tar.gz"

[tools.gitleaks."platforms.linux-arm64-musl"]
checksum = "sha256:e4a487ee7ccd7d3a7f7ec08657610aa3606637dab924210b3aee62570fb4b080"
url = "https://github.com/gitleaks/gitleaks/releases/download/v8.30.1/gitleaks_8.30.1_linux_arm64.tar.gz"

[tools.gitleaks."platforms.linux-x64"]
checksum = "sha256:551f6fc83ea457d62a0d98237cbad105af8d557003051f41f3e7ca7b3f2470eb"
url = "https://github.com/gitleaks/gitleaks/releases/download/v8.30.1/gitleaks_8.30.1_linux_x64.tar.gz"

[tools.gitleaks."platforms.linux-x64-musl"]
checksum = "sha256:551f6fc83ea457d62a0d98237cbad105af8d557003051f41f3e7ca7b3f2470eb"
url = "https://github.com/gitleaks/gitleaks/releases/download/v8.30.1/gitleaks_8.30.1_linux_x64.tar.gz"

[tools.gitleaks."platforms.macos-arm64"]
checksum = "sha256:b40ab0ae55c505963e365f271a8d3846efbc170aa17f2607f13df610a9aeb6a5"
url = "https://github.com/gitleaks/gitleaks/releases/download/v8.30.1/gitleaks_8.30.1_darwin_arm64.tar.gz"

[tools.gitleaks."platforms.macos-x64"]
checksum = "sha256:dfe101a4db2255fc85120ac7f3d25e4342c3c20cf749f2c20a18081af1952709"
url = "https://github.com/gitleaks/gitleaks/releases/download/v8.30.1/gitleaks_8.30.1_darwin_x64.tar.gz"

[tools.gitleaks."platforms.windows-x64"]
checksum = "sha256:d29144deff3a68aa93ced33dddf84b7fdc26070add4aa0f4513094c8332afc4e"
url = "https://github.com/gitleaks/gitleaks/releases/download/v8.30.1/gitleaks_8.30.1_windows_x64.zip"

[[tools.ruff]]
version = "0.15.8"
backend = "aqua:astral-sh/ruff"

[tools.ruff."platforms.linux-arm64"]
checksum = "sha256:15e6a6c21696bbe59c56d0f1c437452b960bcdfe81ecc3bc19fa89e6a7d70eb6"
url = "https://github.com/astral-sh/ruff/releases/download/0.15.8/ruff-aarch64-unknown-linux-musl.tar.gz"

[tools.ruff."platforms.linux-arm64-musl"]
checksum = "sha256:15e6a6c21696bbe59c56d0f1c437452b960bcdfe81ecc3bc19fa89e6a7d70eb6"
url = "https://github.com/astral-sh/ruff/releases/download/0.15.8/ruff-aarch64-unknown-linux-musl.tar.gz"

[tools.ruff."platforms.linux-x64"]
checksum = "sha256:d541beae99d550ed4abb3a1d026b907886c7cdf44a533b24624871e3d8c81330"
url = "https://github.com/astral-sh/ruff/releases/download/0.15.8/ruff-x86_64-unknown-linux-musl.tar.gz"

[tools.ruff."platforms.linux-x64-musl"]
checksum = "sha256:d541beae99d550ed4abb3a1d026b907886c7cdf44a533b24624871e3d8c81330"
url = "https://github.com/astral-sh/ruff/releases/download/0.15.8/ruff-x86_64-unknown-linux-musl.tar.gz"

[tools.ruff."platforms.macos-arm64"]
checksum = "sha256:94fc061f928c8f2b04c4b3a98aad2b1b04f38b4c808839bc5b33a2f0a63a47a3"
url = "https://github.com/astral-sh/ruff/releases/download/0.15.8/ruff-aarch64-apple-darwin.tar.gz"
provenance = "github-attestations"

[tools.ruff."platforms.macos-x64"]
checksum = "sha256:153d1801068df606290e832058ce2e5601584ac302788a055d0390adf6c772ce"
url = "https://github.com/astral-sh/ruff/releases/download/0.15.8/ruff-x86_64-apple-darwin.tar.gz"

[tools.ruff."platforms.windows-x64"]
checksum = "sha256:1e6ebd021dc9cefa8b9f15b5d6500c275ec49a0f2da968824845c34f30060c78"
url = "https://github.com/astral-sh/ruff/releases/download/0.15.8/ruff-x86_64-pc-windows-msvc.zip"

[[tools.ty]]
version = "0.0.26"
backend = "aqua:astral-sh/ty"

[tools.ty."platforms.linux-arm64"]
checksum = "sha256:ff93d6854f07adcbc1d07b074f9eaa80e2b2d5fa94a6e3bbf781644ded41db2f"
url = "https://github.com/astral-sh/ty/releases/download/0.0.26/ty-aarch64-unknown-linux-musl.tar.gz"

[tools.ty."platforms.linux-arm64-musl"]
checksum = "sha256:ff93d6854f07adcbc1d07b074f9eaa80e2b2d5fa94a6e3bbf781644ded41db2f"
url = "https://github.com/astral-sh/ty/releases/download/0.0.26/ty-aarch64-unknown-linux-musl.tar.gz"

[tools.ty."platforms.linux-x64"]
checksum = "sha256:a05421df9ce1b43794c77f36cf7ebd9fb0f27f3f938e0e9b85b190c870721e1b"
url = "https://github.com/astral-sh/ty/releases/download/0.0.26/ty-x86_64-unknown-linux-musl.tar.gz"

[tools.ty."platforms.linux-x64-musl"]
checksum = "sha256:a05421df9ce1b43794c77f36cf7ebd9fb0f27f3f938e0e9b85b190c870721e1b"
url = "https://github.com/astral-sh/ty/releases/download/0.0.26/ty-x86_64-unknown-linux-musl.tar.gz"

[tools.ty."platforms.macos-arm64"]
checksum = "sha256:e3c66783790339619a3c1695b93d68117d722dce9ac0c611d0ebb756458ad7b8"
url = "https://github.com/astral-sh/ty/releases/download/0.0.26/ty-aarch64-apple-darwin.tar.gz"
provenance = "github-attestations"

[tools.ty."platforms.macos-x64"]
checksum = "sha256:19d528d0ddf0cfb8de78390d8f55781b80753363c9f2898f5ba656777d78221a"
url = "https://github.com/astral-sh/ty/releases/download/0.0.26/ty-x86_64-apple-darwin.tar.gz"

[tools.ty."platforms.windows-x64"]
checksum = "sha256:6390bc2612318f12ffa3170490b64e98aac67193316e0ff7f7f46b79c6eff7ab"
url = "https://github.com/astral-sh/ty/releases/download/0.0.26/ty-x86_64-pc-windows-msvc.zip"

[[tools.uv]]
version = "0.11.2"
backend = "aqua:astral-sh/uv"

[tools.uv."platforms.linux-arm64"]
checksum = "sha256:275d91dd1f1955136591e7ec5e1fa21e84d0d37ead7da7c35c3683df748d9855"
url = "https://github.com/astral-sh/uv/releases/download/0.11.2/uv-aarch64-unknown-linux-musl.tar.gz"

[tools.uv."platforms.linux-arm64-musl"]
checksum = "sha256:275d91dd1f1955136591e7ec5e1fa21e84d0d37ead7da7c35c3683df748d9855"
url = "https://github.com/astral-sh/uv/releases/download/0.11.2/uv-aarch64-unknown-linux-musl.tar.gz"

[tools.uv."platforms.linux-x64"]
checksum = "sha256:4700d9fc75734247587deb3e25dd2c6c24f4ac69e8fe91d6acad4a6013115c06"
url = "https://github.com/astral-sh/uv/releases/download/0.11.2/uv-x86_64-unknown-linux-musl.tar.gz"

[tools.uv."platforms.linux-x64-musl"]
checksum = "sha256:4700d9fc75734247587deb3e25dd2c6c24f4ac69e8fe91d6acad4a6013115c06"
url = "https://github.com/astral-sh/uv/releases/download/0.11.2/uv-x86_64-unknown-linux-musl.tar.gz"

[tools.uv."platforms.macos-arm64"]
checksum = "sha256:4beaa9550f93ef7f0fc02f7c28c9c48cd61fe30db00f5ac8947e0a425c3fb282"
url = "https://github.com/astral-sh/uv/releases/download/0.11.2/uv-aarch64-apple-darwin.tar.gz"

[tools.uv."platforms.macos-x64"]
checksum = "sha256:a9c3653245031304c50dd60ac0301bf6c112e12c38c32302a71d4fa6a63ba2cb"
url = "https://github.com/astral-sh/uv/releases/download/0.11.2/uv-x86_64-apple-darwin.tar.gz"

[tools.uv."platforms.windows-x64"]
checksum = "sha256:171b7ccda1bbd562da6babeffcf533a1c6cc7862cf998da826e1db534fc43e48"
url = "https://github.com/astral-sh/uv/releases/download/0.11.2/uv-x86_64-pc-windows-msvc.zip"
